
Microsoft Visual Studio Solution File, Format Version 12.00
# Visual Studio Version 17
VisualStudioVersion = 17.0.31912.275
MinimumVisualStudioVersion = 10.0.40219.1
Project("{9A19103F-16F7-4668-BE54-9A1E7A4F7556}") = "Mikibot.Analyze", "Mikibot.Analyze\Mikibot.Analyze.csproj", "{AB6D0C34-C986-43AF-BC9F-85A943017B98}"
EndProject
Project("{9A19103F-16F7-4668-BE54-9A1E7A4F7556}") = "Mikibot.Crawler", "Mikibot.Crawler\Mikibot.Crawler.csproj", "{7CADBB5A-BAFC-4CBB-9E3C-543AF4DB028C}"
EndProject
Project("{9A19103F-16F7-4668-BE54-9A1E7A4F7556}") = "Mikibot.AutoClipper", "Mikibot.AutoClipper\Mikibot.AutoClipper.csproj", "{8F5E8027-B73F-42BC-99DE-8B5BD1861586}"
EndProject
Project("{9A19103F-16F7-4668-BE54-9A1E7A4F7556}") = "Mikibot.BuildingBlocks", "Mikibot.BuildingBlocks\Mikibot.BuildingBlocks.csproj", "{FFF1B70A-825C-43CD-949A-E8AE86B22950}"
EndProject
Project("{9A19103F-16F7-4668-BE54-9A1E7A4F7556}") = "Mikibot.AutoClipper.Abstract", "Mikibot.AutoClipper.Abstract\Mikibot.AutoClipper.Abstract.csproj", "{450CFBCC-9C0E-4305-89C3-07534841B872}"
EndProject
Project("{9A19103F-16F7-4668-BE54-9A1E7A4F7556}") = "Mikibot.Database", "Mikibot.Database\Mikibot.Database.csproj", "{53FB046B-7281-4A21-B691-AAD98ECED4AC}"
EndProject
Project("{FAE04EC0-301F-11D3-BF4B-00C04F79EFBC}") = "Mikibot.FE", "Mikibot.FE\Mikibot.FE.csproj", "{924F177D-FEBD-4807-ACAE-C4B39CE46C70}"
EndProject
Global
	GlobalSection(SolutionConfigurationPlatforms) = preSolution
		Debug|Any CPU = Debug|Any CPU
		Release|Any CPU = Release|Any CPU
	EndGlobalSection
	GlobalSection(ProjectConfigurationPlatforms) = postSolution
		{AB6D0C34-C986-43AF-BC9F-85A943017B98}.Debug|Any CPU.ActiveCfg = Debug|Any CPU
		{AB6D0C34-C986-43AF-BC9F-85A943017B98}.Debug|Any CPU.Build.0 = Debug|Any CPU
		{AB6D0C34-C986-43AF-BC9F-85A943017B98}.Release|Any CPU.ActiveCfg = Release|Any CPU
		{AB6D0C34-C986-43AF-BC9F-85A943017B98}.Release|Any CPU.Build.0 = Release|Any CPU
		{7CADBB5A-BAFC-4CBB-9E3C-543AF4DB028C}.Debug|Any CPU.ActiveCfg = Debug|Any CPU
		{7CADBB5A-BAFC-4CBB-9E3C-543AF4DB028C}.Debug|Any CPU.Build.0 = Debug|Any CPU
		{7CADBB5A-BAFC-4CBB-9E3C-543AF4DB028C}.Release|Any CPU.ActiveCfg = Release|Any CPU
		{7CADBB5A-BAFC-4CBB-9E3C-543AF4DB028C}.Release|Any CPU.Build.0 = Release|Any CPU
		{8F5E8027-B73F-42BC-99DE-8B5BD1861586}.Debug|Any CPU.ActiveCfg = Debug|Any CPU
		{8F5E8027-B73F-42BC-99DE-8B5BD1861586}.Debug|Any CPU.Build.0 = Debug|Any CPU
		{8F5E8027-B73F-42BC-99DE-8B5BD1861586}.Release|Any CPU.ActiveCfg = Release|Any CPU
		{8F5E8027-B73F-42BC-99DE-8B5BD1861586}.Release|Any CPU.Build.0 = Release|Any CPU
		{FFF1B70A-825C-43CD-949A-E8AE86B22950}.Debug|Any CPU.ActiveCfg = Debug|Any CPU
		{FFF1B70A-825C-43CD-949A-E8AE86B22950}.Debug|Any CPU.Build.0 = Debug|Any CPU
		{FFF1B70A-825C-43CD-949A-E8AE86B22950}.Release|Any CPU.ActiveCfg = Release|Any CPU
		{FFF1B70A-825C-43CD-949A-E8AE86B22950}.Release|Any CPU.Build.0 = Release|Any CPU
		{450CFBCC-9C0E-4305-89C3-07534841B872}.Debug|Any CPU.ActiveCfg = Debug|Any CPU
		{450CFBCC-9C0E-4305-89C3-07534841B872}.Debug|Any CPU.Build.0 = Debug|Any CPU
		{450CFBCC-9C0E-4305-89C3-07534841B872}.Release|Any CPU.ActiveCfg = Release|Any CPU
		{450CFBCC-9C0E-4305-89C3-07534841B872}.Release|Any CPU.Build.0 = Release|Any CPU
		{53FB046B-7281-4A21-B691-AAD98ECED4AC}.Debug|Any CPU.ActiveCfg = Debug|Any CPU
		{53FB046B-7281-4A21-B691-AAD98ECED4AC}.Debug|Any CPU.Build.0 = Debug|Any CPU
		{53FB046B-7281-4A21-B691-AAD98ECED4AC}.Release|Any CPU.ActiveCfg = Release|Any CPU
		{53FB046B-7281-4A21-B691-AAD98ECED4AC}.Release|Any CPU.Build.0 = Release|Any CPU
		{924F177D-FEBD-4807-ACAE-C4B39CE46C70}.Debug|Any CPU.ActiveCfg = Debug|Any CPU
		{924F177D-FEBD-4807-ACAE-C4B39CE46C70}.Debug|Any CPU.Build.0 = Debug|Any CPU
		{924F177D-FEBD-4807-ACAE-C4B39CE46C70}.Release|Any CPU.ActiveCfg = Release|Any CPU
		{924F177D-FEBD-4807-ACAE-C4B39CE46C70}.Release|Any CPU.Build.0 = Release|Any CPU
	EndGlobalSection
	GlobalSection(SolutionProperties) = preSolution
		HideSolutionNode = FALSE
	EndGlobalSection
	GlobalSection(ExtensibilityGlobals) = postSolution
		SolutionGuid = {D105EB20-984A-468A-B28D-905E5FEA7015}
	EndGlobalSection
EndGlobal
